// !$*UTF8*$!
{
	archiveVersion = 1;
	classes = {
	};
	objectVersion = 56;
	objects = {

/* Begin PBXBuildFile section */
		84355C0F29966B0B00CF3FB5 /* GoogleService-Info.plist in Resources */ = {isa = PBXBuildFile; fileRef = 84355C0E29966B0B00CF3FB5 /* GoogleService-Info.plist */; };
		84355C1229966CCA00CF3FB5 /* FirebaseAuth in Frameworks */ = {isa = PBXBuildFile; productRef = 84355C1129966CC900CF3FB5 /* FirebaseAuth */; };
		84355C1429966CCA00CF3FB5 /* FirebaseDatabase in Frameworks */ = {isa = PBXBuildFile; productRef = 84355C1329966CCA00CF3FB5 /* FirebaseDatabase */; };
		84355C1629966CCA00CF3FB5 /* FirebaseFirestore in Frameworks */ = {isa = PBXBuildFile; productRef = 84355C1529966CCA00CF3FB5 /* FirebaseFirestore */; };
		84355C1829966CCA00CF3FB5 /* FirebaseStorage in Frameworks */ = {isa = PBXBuildFile; productRef = 84355C1729966CCA00CF3FB5 /* FirebaseStorage */; };
		846403572993CA0900F8DE5E /* AppDelegate.swift in Sources */ = {isa = PBXBuildFile; fileRef = 846403562993CA0900F8DE5E /* AppDelegate.swift */; };
		846403592993CA0900F8DE5E /* SceneDelegate.swift in Sources */ = {isa = PBXBuildFile; fileRef = 846403582993CA0900F8DE5E /* SceneDelegate.swift */; };
		8464035E2993CA0900F8DE5E /* Main.storyboard in Resources */ = {isa = PBXBuildFile; fileRef = 8464035C2993CA0900F8DE5E /* Main.storyboard */; };
		846403602993CA0A00F8DE5E /* Assets.xcassets in Resources */ = {isa = PBXBuildFile; fileRef = 8464035F2993CA0A00F8DE5E /* Assets.xcassets */; };
		846403632993CA0A00F8DE5E /* LaunchScreen.storyboard in Resources */ = {isa = PBXBuildFile; fileRef = 846403612993CA0A00F8DE5E /* LaunchScreen.storyboard */; };
		8464036D2993CA4000F8DE5E /* MainTabViewController.swift in Sources */ = {isa = PBXBuildFile; fileRef = 8464036C2993CA4000F8DE5E /* MainTabViewController.swift */; };
		8464036F2993CAA500F8DE5E /* FeedViewController.swift in Sources */ = {isa = PBXBuildFile; fileRef = 8464036E2993CAA500F8DE5E /* FeedViewController.swift */; };
		846403712993CAC800F8DE5E /* ExploreViewController.swift in Sources */ = {isa = PBXBuildFile; fileRef = 846403702993CAC800F8DE5E /* ExploreViewController.swift */; };
		846403732993CAD400F8DE5E /* NotificationViewController.swift in Sources */ = {isa = PBXBuildFile; fileRef = 846403722993CAD400F8DE5E /* NotificationViewController.swift */; };
		846403752993CAE400F8DE5E /* ConversationViewController.swift in Sources */ = {isa = PBXBuildFile; fileRef = 846403742993CAE400F8DE5E /* ConversationViewController.swift */; };
		84DDBE422998E950007FCC82 /* TweetViewModel.swift in Sources */ = {isa = PBXBuildFile; fileRef = 84DDBE412998E950007FCC82 /* TweetViewModel.swift */; };
		84DDBE442998F6BD007FCC82 /* ProfileViewController.swift in Sources */ = {isa = PBXBuildFile; fileRef = 84DDBE432998F6BD007FCC82 /* ProfileViewController.swift */; };
		84DDBE462998FD30007FCC82 /* HeaderProfileCell.swift in Sources */ = {isa = PBXBuildFile; fileRef = 84DDBE452998FD30007FCC82 /* HeaderProfileCell.swift */; };
		84DDBE48299913AB007FCC82 /* ProfileFilterView.swift in Sources */ = {isa = PBXBuildFile; fileRef = 84DDBE47299913AB007FCC82 /* ProfileFilterView.swift */; };
		84DDBE4A299914E5007FCC82 /* ProfileFilterViewCell.swift in Sources */ = {isa = PBXBuildFile; fileRef = 84DDBE49299914E5007FCC82 /* ProfileFilterViewCell.swift */; };
		CD0BF8F229967E15005FA4BF /* Constant.swift in Sources */ = {isa = PBXBuildFile; fileRef = CD0BF8F129967E15005FA4BF /* Constant.swift */; };
		CD0BF8F52996844E005FA4BF /* AuthService.swift in Sources */ = {isa = PBXBuildFile; fileRef = CD0BF8F42996844E005FA4BF /* AuthService.swift */; };
		CD0BF8F729969F91005FA4BF /* UserService.swift in Sources */ = {isa = PBXBuildFile; fileRef = CD0BF8F629969F91005FA4BF /* UserService.swift */; };
		CD0BF8FC2996AE50005FA4BF /* User.swift in Sources */ = {isa = PBXBuildFile; fileRef = CD0BF8FB2996AE50005FA4BF /* User.swift */; };
		CD0BF8FF2996B210005FA4BF /* SDWebImage in Frameworks */ = {isa = PBXBuildFile; productRef = CD0BF8FE2996B210005FA4BF /* SDWebImage */; };
		CD0BF9012996C42B005FA4BF /* UploadTweetViewController.swift in Sources */ = {isa = PBXBuildFile; fileRef = CD0BF9002996C42B005FA4BF /* UploadTweetViewController.swift */; };
		CD0BF9032996D25B005FA4BF /* CaptionTextView.swift in Sources */ = {isa = PBXBuildFile; fileRef = CD0BF9022996D25B005FA4BF /* CaptionTextView.swift */; };
		CDA9373C299528910095DD1C /* Extensions.swift in Sources */ = {isa = PBXBuildFile; fileRef = CDA9373B299528910095DD1C /* Extensions.swift */; };
		CDA9373F29952C5D0095DD1C /* LoginViewController.swift in Sources */ = {isa = PBXBuildFile; fileRef = CDA9373E29952C5D0095DD1C /* LoginViewController.swift */; };
		CDA93741299563D70095DD1C /* RegisterViewController.swift in Sources */ = {isa = PBXBuildFile; fileRef = CDA93740299563D70095DD1C /* RegisterViewController.swift */; };
		CDB744E12997C84500D53F6A /* TweetService.swift in Sources */ = {isa = PBXBuildFile; fileRef = CDB744E02997C84500D53F6A /* TweetService.swift */; };
		CDB744E32997D48F00D53F6A /* TweetCell.swift in Sources */ = {isa = PBXBuildFile; fileRef = CDB744E22997D48F00D53F6A /* TweetCell.swift */; };
/* End PBXBuildFile section */

/* Begin PBXFileReference section */
		84355C0E29966B0B00CF3FB5 /* GoogleService-Info.plist */ = {isa = PBXFileReference; fileEncoding = 4; lastKnownFileType = text.plist.xml; path = "GoogleService-Info.plist"; sourceTree = "<group>"; };
		846403532993CA0900F8DE5E /* TwitterClone.app */ = {isa = PBXFileReference; explicitFileType = wrapper.application; includeInIndex = 0; path = TwitterClone.app; sourceTree = BUILT_PRODUCTS_DIR; };
		846403562993CA0900F8DE5E /* AppDelegate.swift */ = {isa = PBXFileReference; lastKnownFileType = sourcecode.swift; path = AppDelegate.swift; sourceTree = "<group>"; };
		846403582993CA0900F8DE5E /* SceneDelegate.swift */ = {isa = PBXFileReference; lastKnownFileType = sourcecode.swift; path = SceneDelegate.swift; sourceTree = "<group>"; };
		8464035D2993CA0900F8DE5E /* Base */ = {isa = PBXFileReference; lastKnownFileType = file.storyboard; name = Base; path = Base.lproj/Main.storyboard; sourceTree = "<group>"; };
		8464035F2993CA0A00F8DE5E /* Assets.xcassets */ = {isa = PBXFileReference; lastKnownFileType = folder.assetcatalog; path = Assets.xcassets; sourceTree = "<group>"; };
		846403622993CA0A00F8DE5E /* Base */ = {isa = PBXFileReference; lastKnownFileType = file.storyboard; name = Base; path = Base.lproj/LaunchScreen.storyboard; sourceTree = "<group>"; };
		846403642993CA0A00F8DE5E /* Info.plist */ = {isa = PBXFileReference; lastKnownFileType = text.plist.xml; path = Info.plist; sourceTree = "<group>"; };
		8464036C2993CA4000F8DE5E /* MainTabViewController.swift */ = {isa = PBXFileReference; lastKnownFileType = sourcecode.swift; path = MainTabViewController.swift; sourceTree = "<group>"; };
		8464036E2993CAA500F8DE5E /* FeedViewController.swift */ = {isa = PBXFileReference; lastKnownFileType = sourcecode.swift; path = FeedViewController.swift; sourceTree = "<group>"; };
		846403702993CAC800F8DE5E /* ExploreViewController.swift */ = {isa = PBXFileReference; lastKnownFileType = sourcecode.swift; path = ExploreViewController.swift; sourceTree = "<group>"; };
		846403722993CAD400F8DE5E /* NotificationViewController.swift */ = {isa = PBXFileReference; lastKnownFileType = sourcecode.swift; path = NotificationViewController.swift; sourceTree = "<group>"; };
		846403742993CAE400F8DE5E /* ConversationViewController.swift */ = {isa = PBXFileReference; lastKnownFileType = sourcecode.swift; path = ConversationViewController.swift; sourceTree = "<group>"; };
		84DDBE412998E950007FCC82 /* TweetViewModel.swift */ = {isa = PBXFileReference; lastKnownFileType = sourcecode.swift; path = TweetViewModel.swift; sourceTree = "<group>"; };
		84DDBE432998F6BD007FCC82 /* ProfileViewController.swift */ = {isa = PBXFileReference; lastKnownFileType = sourcecode.swift; path = ProfileViewController.swift; sourceTree = "<group>"; };
		84DDBE452998FD30007FCC82 /* HeaderProfileCell.swift */ = {isa = PBXFileReference; lastKnownFileType = sourcecode.swift; path = HeaderProfileCell.swift; sourceTree = "<group>"; };
		84DDBE47299913AB007FCC82 /* ProfileFilterView.swift */ = {isa = PBXFileReference; lastKnownFileType = sourcecode.swift; path = ProfileFilterView.swift; sourceTree = "<group>"; };
		84DDBE49299914E5007FCC82 /* ProfileFilterViewCell.swift */ = {isa = PBXFileReference; lastKnownFileType = sourcecode.swift; path = ProfileFilterViewCell.swift; sourceTree = "<group>"; };
		CD0BF8F129967E15005FA4BF /* Constant.swift */ = {isa = PBXFileReference; lastKnownFileType = sourcecode.swift; path = Constant.swift; sourceTree = "<group>"; };
		CD0BF8F42996844E005FA4BF /* AuthService.swift */ = {isa = PBXFileReference; lastKnownFileType = sourcecode.swift; path = AuthService.swift; sourceTree = "<group>"; };
		CD0BF8F629969F91005FA4BF /* UserService.swift */ = {isa = PBXFileReference; lastKnownFileType = sourcecode.swift; path = UserService.swift; sourceTree = "<group>"; };
		CD0BF8FB2996AE50005FA4BF /* User.swift */ = {isa = PBXFileReference; lastKnownFileType = sourcecode.swift; path = User.swift; sourceTree = "<group>"; };
		CD0BF9002996C42B005FA4BF /* UploadTweetViewController.swift */ = {isa = PBXFileReference; lastKnownFileType = sourcecode.swift; path = UploadTweetViewController.swift; sourceTree = "<group>"; };
		CD0BF9022996D25B005FA4BF /* CaptionTextView.swift */ = {isa = PBXFileReference; lastKnownFileType = sourcecode.swift; name = CaptionTextView.swift; path = TwitterClone/controllers/CaptionTextView.swift; sourceTree = SOURCE_ROOT; };
		CDA9373B299528910095DD1C /* Extensions.swift */ = {isa = PBXFileReference; fileEncoding = 4; lastKnownFileType = sourcecode.swift; path = Extensions.swift; sourceTree = "<group>"; };
		CDA9373E29952C5D0095DD1C /* LoginViewController.swift */ = {isa = PBXFileReference; lastKnownFileType = sourcecode.swift; path = LoginViewController.swift; sourceTree = "<group>"; };
		CDA93740299563D70095DD1C /* RegisterViewController.swift */ = {isa = PBXFileReference; lastKnownFileType = sourcecode.swift; path = RegisterViewController.swift; sourceTree = "<group>"; };
		CDB744E02997C84500D53F6A /* TweetService.swift */ = {isa = PBXFileReference; lastKnownFileType = sourcecode.swift; path = TweetService.swift; sourceTree = "<group>"; };
		CDB744E22997D48F00D53F6A /* TweetCell.swift */ = {isa = PBXFileReference; lastKnownFileType = sourcecode.swift; name = TweetCell.swift; path = TwitterClone/API/TweetCell.swift; sourceTree = SOURCE_ROOT; };
/* End PBXFileReference section */

/* Begin PBXFrameworksBuildPhase section */
		846403502993CA0900F8DE5E /* Frameworks */ = {
			isa = PBXFrameworksBuildPhase;
			buildActionMask = 2147483647;
			files = (
				84355C1429966CCA00CF3FB5 /* FirebaseDatabase in Frameworks */,
				84355C1829966CCA00CF3FB5 /* FirebaseStorage in Frameworks */,
				84355C1229966CCA00CF3FB5 /* FirebaseAuth in Frameworks */,
				84355C1629966CCA00CF3FB5 /* FirebaseFirestore in Frameworks */,
				CD0BF8FF2996B210005FA4BF /* SDWebImage in Frameworks */,
			);
			runOnlyForDeploymentPostprocessing = 0;
		};
/* End PBXFrameworksBuildPhase section */

/* Begin PBXGroup section */
		8464034A2993CA0900F8DE5E = {
			isa = PBXGroup;
			children = (
				846403552993CA0900F8DE5E /* TwitterClone */,
				846403542993CA0900F8DE5E /* Products */,
			);
			sourceTree = "<group>";
		};
		846403542993CA0900F8DE5E /* Products */ = {
			isa = PBXGroup;
			children = (
				846403532993CA0900F8DE5E /* TwitterClone.app */,
			);
			name = Products;
			sourceTree = "<group>";
		};
		846403552993CA0900F8DE5E /* TwitterClone */ = {
			isa = PBXGroup;
			children = (
				84DDBE402998E936007FCC82 /* viewmodel */,
				CD0BF8F82996AE45005FA4BF /* model */,
				CD0BF8F329968446005FA4BF /* API */,
				CD0BF8F029967E0A005FA4BF /* utils */,
				8464036B2993CA2800F8DE5E /* views */,
				8464036A2993CA1F00F8DE5E /* controllers */,
				846403562993CA0900F8DE5E /* AppDelegate.swift */,
				846403582993CA0900F8DE5E /* SceneDelegate.swift */,
				CDA9373B299528910095DD1C /* Extensions.swift */,
				84355C0E29966B0B00CF3FB5 /* GoogleService-Info.plist */,
				8464035C2993CA0900F8DE5E /* Main.storyboard */,
				8464035F2993CA0A00F8DE5E /* Assets.xcassets */,
				846403612993CA0A00F8DE5E /* LaunchScreen.storyboard */,
				846403642993CA0A00F8DE5E /* Info.plist */,
			);
			path = TwitterClone;
			sourceTree = "<group>";
		};
		8464036A2993CA1F00F8DE5E /* controllers */ = {
			isa = PBXGroup;
			children = (
				CDA9373D29952C4F0095DD1C /* authentication */,
				8464036C2993CA4000F8DE5E /* MainTabViewController.swift */,
				8464036E2993CAA500F8DE5E /* FeedViewController.swift */,
				846403702993CAC800F8DE5E /* ExploreViewController.swift */,
				846403722993CAD400F8DE5E /* NotificationViewController.swift */,
				846403742993CAE400F8DE5E /* ConversationViewController.swift */,
				CD0BF9002996C42B005FA4BF /* UploadTweetViewController.swift */,
				84DDBE432998F6BD007FCC82 /* ProfileViewController.swift */,
			);
			path = controllers;
			sourceTree = "<group>";
		};
		8464036B2993CA2800F8DE5E /* views */ = {
			isa = PBXGroup;
			children = (
				CD0BF9022996D25B005FA4BF /* CaptionTextView.swift */,
				84DDBE47299913AB007FCC82 /* ProfileFilterView.swift */,
				84DDBE49299914E5007FCC82 /* ProfileFilterViewCell.swift */,
				CDB744E22997D48F00D53F6A /* TweetCell.swift */,
				84DDBE452998FD30007FCC82 /* HeaderProfileCell.swift */,
			);
			path = views;
			sourceTree = "<group>";
		};
		84DDBE402998E936007FCC82 /* viewmodel */ = {
			isa = PBXGroup;
			children = (
				84DDBE412998E950007FCC82 /* TweetViewModel.swift */,
			);
			path = viewmodel;
			sourceTree = "<group>";
		};
		CD0BF8F029967E0A005FA4BF /* utils */ = {
			isa = PBXGroup;
			children = (
				CD0BF8F129967E15005FA4BF /* Constant.swift */,
			);
			path = utils;
			sourceTree = "<group>";
		};
		CD0BF8F329968446005FA4BF /* API */ = {
			isa = PBXGroup;
			children = (
				CD0BF8F42996844E005FA4BF /* AuthService.swift */,
				CD0BF8F629969F91005FA4BF /* UserService.swift */,
				CDB744E02997C84500D53F6A /* TweetService.swift */,
			);
			path = API;
			sourceTree = "<group>";
		};
		CD0BF8F82996AE45005FA4BF /* model */ = {
			isa = PBXGroup;
			children = (
				CD0BF8FB2996AE50005FA4BF /* User.swift */,
			);
			path = model;
			sourceTree = "<group>";
		};
		CDA9373D29952C4F0095DD1C /* authentication */ = {
			isa = PBXGroup;
			children = (
				CDA9373E29952C5D0095DD1C /* LoginViewController.swift */,
				CDA93740299563D70095DD1C /* RegisterViewController.swift */,
			);
			path = authentication;
			sourceTree = "<group>";
		};
/* End PBXGroup section */

/* Begin PBXNativeTarget section */
		846403522993CA0900F8DE5E /* TwitterClone */ = {
			isa = PBXNativeTarget;
			buildConfigurationList = 846403672993CA0A00F8DE5E /* Build configuration list for PBXNativeTarget "TwitterClone" */;
			buildPhases = (
				8464034F2993CA0900F8DE5E /* Sources */,
				846403502993CA0900F8DE5E /* Frameworks */,
				846403512993CA0900F8DE5E /* Resources */,
			);
			buildRules = (
			);
			dependencies = (
			);
			name = TwitterClone;
			packageProductDependencies = (
				84355C1129966CC900CF3FB5 /* FirebaseAuth */,
				84355C1329966CCA00CF3FB5 /* FirebaseDatabase */,
				84355C1529966CCA00CF3FB5 /* FirebaseFirestore */,
				84355C1729966CCA00CF3FB5 /* FirebaseStorage */,
				CD0BF8FE2996B210005FA4BF /* SDWebImage */,
			);
			productName = TwitterClone;
			productReference = 846403532993CA0900F8DE5E /* TwitterClone.app */;
			productType = "com.apple.product-type.application";
		};
/* End PBXNativeTarget section */

/* Begin PBXProject section */
		8464034B2993CA0900F8DE5E /* Project object */ = {
			isa = PBXProject;
			attributes = {
				BuildIndependentTargetsInParallel = 1;
				LastSwiftUpdateCheck = 1410;
				LastUpgradeCheck = 1410;
				TargetAttributes = {
					846403522993CA0900F8DE5E = {
						CreatedOnToolsVersion = 14.1;
					};
				};
			};
			buildConfigurationList = 8464034E2993CA0900F8DE5E /* Build configuration list for PBXProject "TwitterClone" */;
			compatibilityVersion = "Xcode 14.0";
			developmentRegion = en;
			hasScannedForEncodings = 0;
			knownRegions = (
				en,
				Base,
			);
			mainGroup = 8464034A2993CA0900F8DE5E;
			packageReferences = (
				84355C1029966CC900CF3FB5 /* XCRemoteSwiftPackageReference "firebase-ios-sdk" */,
				CD0BF8FD2996B210005FA4BF /* XCRemoteSwiftPackageReference "SDWebImage" */,
			);
			productRefGroup = 846403542993CA0900F8DE5E /* Products */;
			projectDirPath = "";
			projectRoot = "";
			targets = (
				846403522993CA0900F8DE5E /* TwitterClone */,
			);
		};
/* End PBXProject section */

/* Begin PBXResourcesBuildPhase section */
		846403512993CA0900F8DE5E /* Resources */ = {
			isa = PBXResourcesBuildPhase;
			buildActionMask = 2147483647;
			files = (
				846403632993CA0A00F8DE5E /* LaunchScreen.storyboard in Resources */,
				84355C0F29966B0B00CF3FB5 /* GoogleService-Info.plist in Resources */,
				846403602993CA0A00F8DE5E /* Assets.xcassets in Resources */,
				8464035E2993CA0900F8DE5E /* Main.storyboard in Resources */,
			);
			runOnlyForDeploymentPostprocessing = 0;
		};
/* End PBXResourcesBuildPhase section */

/* Begin PBXSourcesBuildPhase section */
		8464034F2993CA0900F8DE5E /* Sources */ = {
			isa = PBXSourcesBuildPhase;
			buildActionMask = 2147483647;
			files = (
				84DDBE48299913AB007FCC82 /* ProfileFilterView.swift in Sources */,
				CDA9373F29952C5D0095DD1C /* LoginViewController.swift in Sources */,
				CDA93741299563D70095DD1C /* RegisterViewController.swift in Sources */,
				84DDBE442998F6BD007FCC82 /* ProfileViewController.swift in Sources */,
				8464036D2993CA4000F8DE5E /* MainTabViewController.swift in Sources */,
				CDB744E32997D48F00D53F6A /* TweetCell.swift in Sources */,
				CD0BF8F52996844E005FA4BF /* AuthService.swift in Sources */,
				846403752993CAE400F8DE5E /* ConversationViewController.swift in Sources */,
				84DDBE4A299914E5007FCC82 /* ProfileFilterViewCell.swift in Sources */,
				CDB744E12997C84500D53F6A /* TweetService.swift in Sources */,
				846403712993CAC800F8DE5E /* ExploreViewController.swift in Sources */,
				CD0BF8F729969F91005FA4BF /* UserService.swift in Sources */,
				CD0BF8FC2996AE50005FA4BF /* User.swift in Sources */,
				CDA9373C299528910095DD1C /* Extensions.swift in Sources */,
				846403732993CAD400F8DE5E /* NotificationViewController.swift in Sources */,
				8464036F2993CAA500F8DE5E /* FeedViewController.swift in Sources */,
				84DDBE462998FD30007FCC82 /* HeaderProfileCell.swift in Sources */,
				84DDBE422998E950007FCC82 /* TweetViewModel.swift in Sources */,
				CD0BF8F229967E15005FA4BF /* Constant.swift in Sources */,
				CD0BF9012996C42B005FA4BF /* UploadTweetViewController.swift in Sources */,
				846403572993CA0900F8DE5E /* AppDelegate.swift in Sources */,
				CD0BF9032996D25B005FA4BF /* CaptionTextView.swift in Sources */,
				846403592993CA0900F8DE5E /* SceneDelegate.swift in Sources */,
			);
			runOnlyForDeploymentPostprocessing = 0;
		};
/* End PBXSourcesBuildPhase section */

/* Begin PBXVariantGroup section */
		8464035C2993CA0900F8DE5E /* Main.storyboard */ = {
			isa = PBXVariantGroup;
			children = (
				8464035D2993CA0900F8DE5E /* Base */,
			);
			name = Main.storyboard;
			sourceTree = "<group>";
		};
		846403612993CA0A00F8DE5E /* LaunchScreen.storyboard */ = {
			isa = PBXVariantGroup;
			children = (
				846403622993CA0A00F8DE5E /* Base */,
			);
			name = LaunchScreen.storyboard;
			sourceTree = "<group>";
		};
/* End PBXVariantGroup section */

/* Begin XCBuildConfiguration section */
		846403652993CA0A00F8DE5E /* Debug */ = {
			isa = XCBuildConfiguration;
			buildSettings = {
				ALWAYS_SEARCH_USER_PATHS = NO;
				CLANG_ANALYZER_NONNULL = YES;
				CLANG_ANALYZER_NUMBER_OBJECT_CONVERSION = YES_AGGRESSIVE;
				CLANG_CXX_LANGUAGE_STANDARD = "gnu++20";
				CLANG_ENABLE_MODULES = YES;
				CLANG_ENABLE_OBJC_ARC = YES;
				CLANG_ENABLE_OBJC_WEAK = YES;
				CLANG_WARN_BLOCK_CAPTURE_AUTORELEASING = YES;
				CLANG_WARN_BOOL_CONVERSION = YES;
				CLANG_WARN_COMMA = YES;
				CLANG_WARN_CONSTANT_CONVERSION = YES;
				CLANG_WARN_DEPRECATED_OBJC_IMPLEMENTATIONS = YES;
				CLANG_WARN_DIRECT_OBJC_ISA_USAGE = YES_ERROR;
				CLANG_WARN_DOCUMENTATION_COMMENTS = YES;
				CLANG_WARN_EMPTY_BODY = YES;
				CLANG_WARN_ENUM_CONVERSION = YES;
				CLANG_WARN_INFINITE_RECURSION = YES;
				CLANG_WARN_INT_CONVERSION = YES;
				CLANG_WARN_NON_LITERAL_NULL_CONVERSION = YES;
				CLANG_WARN_OBJC_IMPLICIT_RETAIN_SELF = YES;
				CLANG_WARN_OBJC_LITERAL_CONVERSION = YES;
				CLANG_WARN_OBJC_ROOT_CLASS = YES_ERROR;
				CLANG_WARN_QUOTED_INCLUDE_IN_FRAMEWORK_HEADER = YES;
				CLANG_WARN_RANGE_LOOP_ANALYSIS = YES;
				CLANG_WARN_STRICT_PROTOTYPES = YES;
				CLANG_WARN_SUSPICIOUS_MOVE = YES;
				CLANG_WARN_UNGUARDED_AVAILABILITY = YES_AGGRESSIVE;
				CLANG_WARN_UNREACHABLE_CODE = YES;
				CLANG_WARN__DUPLICATE_METHOD_MATCH = YES;
				COPY_PHASE_STRIP = NO;
				DEBUG_INFORMATION_FORMAT = dwarf;
				ENABLE_STRICT_OBJC_MSGSEND = YES;
				ENABLE_TESTABILITY = YES;
				GCC_C_LANGUAGE_STANDARD = gnu11;
				GCC_DYNAMIC_NO_PIC = NO;
				GCC_NO_COMMON_BLOCKS = YES;
				GCC_OPTIMIZATION_LEVEL = 0;
				GCC_PREPROCESSOR_DEFINITIONS = (
					"DEBUG=1",
					"$(inherited)",
				);
				GCC_WARN_64_TO_32_BIT_CONVERSION = YES;
				GCC_WARN_ABOUT_RETURN_TYPE = YES_ERROR;
				GCC_WARN_UNDECLARED_SELECTOR = YES;
				GCC_WARN_UNINITIALIZED_AUTOS = YES_AGGRESSIVE;
				GCC_WARN_UNUSED_FUNCTION = YES;
				GCC_WARN_UNUSED_VARIABLE = YES;
				IPHONEOS_DEPLOYMENT_TARGET = 16.1;
				MTL_ENABLE_DEBUG_INFO = INCLUDE_SOURCE;
				MTL_FAST_MATH = YES;
				ONLY_ACTIVE_ARCH = YES;
				SDKROOT = iphoneos;
				SWIFT_ACTIVE_COMPILATION_CONDITIONS = DEBUG;
				SWIFT_OPTIMIZATION_LEVEL = "-Onone";
			};
			name = Debug;
		};
		846403662993CA0A00F8DE5E /* Release */ = {
			isa = XCBuildConfiguration;
			buildSettings = {
				ALWAYS_SEARCH_USER_PATHS = NO;
				CLANG_ANALYZER_NONNULL = YES;
				CLANG_ANALYZER_NUMBER_OBJECT_CONVERSION = YES_AGGRESSIVE;
				CLANG_CXX_LANGUAGE_STANDARD = "gnu++20";
				CLANG_ENABLE_MODULES = YES;
				CLANG_ENABLE_OBJC_ARC = YES;
				CLANG_ENABLE_OBJC_WEAK = YES;
				CLANG_WARN_BLOCK_CAPTURE_AUTORELEASING = YES;
				CLANG_WARN_BOOL_CONVERSION = YES;
				CLANG_WARN_COMMA = YES;
				CLANG_WARN_CONSTANT_CONVERSION = YES;
				CLANG_WARN_DEPRECATED_OBJC_IMPLEMENTATIONS = YES;
				CLANG_WARN_DIRECT_OBJC_ISA_USAGE = YES_ERROR;
				CLANG_WARN_DOCUMENTATION_COMMENTS = YES;
				CLANG_WARN_EMPTY_BODY = YES;
				CLANG_WARN_ENUM_CONVERSION = YES;
				CLANG_WARN_INFINITE_RECURSION = YES;
				CLANG_WARN_INT_CONVERSION = YES;
				CLANG_WARN_NON_LITERAL_NULL_CONVERSION = YES;
				CLANG_WARN_OBJC_IMPLICIT_RETAIN_SELF = YES;
				CLANG_WARN_OBJC_LITERAL_CONVERSION = YES;
				CLANG_WARN_OBJC_ROOT_CLASS = YES_ERROR;
				CLANG_WARN_QUOTED_INCLUDE_IN_FRAMEWORK_HEADER = YES;
				CLANG_WARN_RANGE_LOOP_ANALYSIS = YES;
				CLANG_WARN_STRICT_PROTOTYPES = YES;
				CLANG_WARN_SUSPICIOUS_MOVE = YES;
				CLANG_WARN_UNGUARDED_AVAILABILITY = YES_AGGRESSIVE;
				CLANG_WARN_UNREACHABLE_CODE = YES;
				CLANG_WARN__DUPLICATE_METHOD_MATCH = YES;
				COPY_PHASE_STRIP = NO;
				DEBUG_INFORMATION_FORMAT = "dwarf-with-dsym";
				ENABLE_NS_ASSERTIONS = NO;
				ENABLE_STRICT_OBJC_MSGSEND = YES;
				GCC_C_LANGUAGE_STANDARD = gnu11;
				GCC_NO_COMMON_BLOCKS = YES;
				GCC_WARN_64_TO_32_BIT_CONVERSION = YES;
				GCC_WARN_ABOUT_RETURN_TYPE = YES_ERROR;
				GCC_WARN_UNDECLARED_SELECTOR = YES;
				GCC_WARN_UNINITIALIZED_AUTOS = YES_AGGRESSIVE;
				GCC_WARN_UNUSED_FUNCTION = YES;
				GCC_WARN_UNUSED_VARIABLE = YES;
				IPHONEOS_DEPLOYMENT_TARGET = 16.1;
				MTL_ENABLE_DEBUG_INFO = NO;
				MTL_FAST_MATH = YES;
				SDKROOT = iphoneos;
				SWIFT_COMPILATION_MODE = wholemodule;
				SWIFT_OPTIMIZATION_LEVEL = "-O";
				VALIDATE_PRODUCT = YES;
			};
			name = Release;
		};
		846403682993CA0A00F8DE5E /* Debug */ = {
			isa = XCBuildConfiguration;
			buildSettings = {
				ASSETCATALOG_COMPILER_APPICON_NAME = AppIcon;
				ASSETCATALOG_COMPILER_GLOBAL_ACCENT_COLOR_NAME = AccentColor;
				CODE_SIGN_STYLE = Automatic;
				CURRENT_PROJECT_VERSION = 1;
				GENERATE_INFOPLIST_FILE = YES;
				INFOPLIST_FILE = TwitterClone/Info.plist;
				INFOPLIST_KEY_UIApplicationSupportsIndirectInputEvents = YES;
				INFOPLIST_KEY_UILaunchStoryboardName = LaunchScreen;
				INFOPLIST_KEY_UIMainStoryboardFile = Main;
				INFOPLIST_KEY_UIStatusBarStyle = "";
				INFOPLIST_KEY_UISupportedInterfaceOrientations_iPad = "UIInterfaceOrientationPortrait UIInterfaceOrientationPortraitUpsideDown UIInterfaceOrientationLandscapeLeft UIInterfaceOrientationLandscapeRight";
				INFOPLIST_KEY_UISupportedInterfaceOrientations_iPhone = "UIInterfaceOrientationPortrait UIInterfaceOrientationLandscapeLeft UIInterfaceOrientationLandscapeRight";
				LD_RUNPATH_SEARCH_PATHS = (
					"$(inherited)",
					"@executable_path/Frameworks",
				);
				MARKETING_VERSION = 1.0;
				PRODUCT_BUNDLE_IDENTIFIER = com.csemorf.TwitterClone;
				PRODUCT_NAME = "$(TARGET_NAME)";
				SWIFT_EMIT_LOC_STRINGS = YES;
				SWIFT_VERSION = 5.0;
				TARGETED_DEVICE_FAMILY = "1,2";
			};
			name = Debug;
		};
		846403692993CA0A00F8DE5E /* Release */ = {
			isa = XCBuildConfiguration;
			buildSettings = {
				ASSETCATALOG_COMPILER_APPICON_NAME = AppIcon;
				ASSETCATALOG_COMPILER_GLOBAL_ACCENT_COLOR_NAME = AccentColor;
				CODE_SIGN_STYLE = Automatic;
				CURRENT_PROJECT_VERSION = 1;
				GENERATE_INFOPLIST_FILE = YES;
				INFOPLIST_FILE = TwitterClone/Info.plist;
				INFOPLIST_KEY_UIApplicationSupportsIndirectInputEvents = YES;
				INFOPLIST_KEY_UILaunchStoryboardName = LaunchScreen;
				INFOPLIST_KEY_UIMainStoryboardFile = Main;
				INFOPLIST_KEY_UIStatusBarStyle = "";
				INFOPLIST_KEY_UISupportedInterfaceOrientations_iPad = "UIInterfaceOrientationPortrait UIInterfaceOrientationPortraitUpsideDown UIInterfaceOrientationLandscapeLeft UIInterfaceOrientationLandscapeRight";
				INFOPLIST_KEY_UISupportedInterfaceOrientations_iPhone = "UIInterfaceOrientationPortrait UIInterfaceOrientationLandscapeLeft UIInterfaceOrientationLandscapeRight";
				LD_RUNPATH_SEARCH_PATHS = (
					"$(inherited)",
					"@executable_path/Frameworks",
				);
				MARKETING_VERSION = 1.0;
				PRODUCT_BUNDLE_IDENTIFIER = com.csemorf.TwitterClone;
				PRODUCT_NAME = "$(TARGET_NAME)";
				SWIFT_EMIT_LOC_STRINGS = YES;
				SWIFT_VERSION = 5.0;
				TARGETED_DEVICE_FAMILY = "1,2";
			};
			name = Release;
		};
/* End XCBuildConfiguration section */

/* Begin XCConfigurationList section */
		8464034E2993CA0900F8DE5E /* Build configuration list for PBXProject "TwitterClone" */ = {
			isa = XCConfigurationList;
			buildConfigurations = (
				846403652993CA0A00F8DE5E /* Debug */,
				846403662993CA0A00F8DE5E /* Release */,
			);
			defaultConfigurationIsVisible = 0;
			defaultConfigurationName = Release;
		};
		846403672993CA0A00F8DE5E /* Build configuration list for PBXNativeTarget "TwitterClone" */ = {
			isa = XCConfigurationList;
			buildConfigurations = (
				846403682993CA0A00F8DE5E /* Debug */,
				846403692993CA0A00F8DE5E /* Release */,
			);
			defaultConfigurationIsVisible = 0;
			defaultConfigurationName = Release;
		};
/* End XCConfigurationList section */

/* Begin XCRemoteSwiftPackageReference section */
		84355C1029966CC900CF3FB5 /* XCRemoteSwiftPackageReference "firebase-ios-sdk" */ = {
			isa = XCRemoteSwiftPackageReference;
			repositoryURL = "https://github.com/firebase/firebase-ios-sdk";
			requirement = {
				kind = upToNextMajorVersion;
				minimumVersion = 9.0.0;
			};
		};
		CD0BF8FD2996B210005FA4BF /* XCRemoteSwiftPackageReference "SDWebImage" */ = {
			isa = XCRemoteSwiftPackageReference;
			repositoryURL = "https://github.com/SDWebImage/SDWebImage.git";
			requirement = {
				kind = upToNextMajorVersion;
				minimumVersion = 5.0.0;
			};
		};
/* End XCRemoteSwiftPackageReference section */

/* Begin XCSwiftPackageProductDependency section */
		84355C1129966CC900CF3FB5 /* FirebaseAuth */ = {
			isa = XCSwiftPackageProductDependency;
			package = 84355C1029966CC900CF3FB5 /* XCRemoteSwiftPackageReference "firebase-ios-sdk" */;
			productName = FirebaseAuth;
		};
		84355C1329966CCA00CF3FB5 /* FirebaseDatabase */ = {
			isa = XCSwiftPackageProductDependency;
			package = 84355C1029966CC900CF3FB5 /* XCRemoteSwiftPackageReference "firebase-ios-sdk" */;
			productName = FirebaseDatabase;
		};
		84355C1529966CCA00CF3FB5 /* FirebaseFirestore */ = {
			isa = XCSwiftPackageProductDependency;
			package = 84355C1029966CC900CF3FB5 /* XCRemoteSwiftPackageReference "firebase-ios-sdk" */;
			productName = FirebaseFirestore;
		};
		84355C1729966CCA00CF3FB5 /* FirebaseStorage */ = {
			isa = XCSwiftPackageProductDependency;
			package = 84355C1029966CC900CF3FB5 /* XCRemoteSwiftPackageReference "firebase-ios-sdk" */;
			productName = FirebaseStorage;
		};
		CD0BF8FE2996B210005FA4BF /* SDWebImage */ = {
			isa = XCSwiftPackageProductDependency;
			package = CD0BF8FD2996B210005FA4BF /* XCRemoteSwiftPackageReference "SDWebImage" */;
			productName = SDWebImage;
		};
/* End XCSwiftPackageProductDependency section */
	};
	rootObject = 8464034B2993CA0900F8DE5E /* Project object */;
}
